
Microsoft Visual Studio Solution File, Format Version 12.00
# Visual Studio 15
Project("{FAE04EC0-301F-11D3-BF4B-00C04F79EFBC}") = "UnityEngine.TestRunner", "UnityEngine.TestRunner.csproj", "{20B6EF0B-26A0-B84C-8437-786D2D7A09C3}"
EndProject
Project("{FAE04EC0-301F-11D3-BF4B-00C04F79EFBC}") = "UnityEngine.UI", "UnityEngine.UI.csproj", "{5A87AFC7-0591-D6BB-DABE-76CDAD3C748E}"
EndProject
Project("{FAE04EC0-301F-11D3-BF4B-00C04F79EFBC}") = "Unity.TextMeshPro", "Unity.TextMeshPro.csproj", "{3A1E38C6-24A5-AB12-A606-10948D1936EB}"
EndProject
Project("{FAE04EC0-301F-11D3-BF4B-00C04F79EFBC}") = "Unity.Timeline", "Unity.Timeline.csproj", "{3A89A800-820D-A71F-A56B-43A843917061}"
EndProject
Project("{FAE04EC0-301F-11D3-BF4B-00C04F79EFBC}") = "UnityEditor.TestRunner", "UnityEditor.TestRunner.csproj", "{42228D4F-C8A3-F0EE-AE83-754EC3AC49A9}"
EndProject
Project("{FAE04EC0-301F-11D3-BF4B-00C04F79EFBC}") = "Unity.VisualStudio.Editor", "Unity.VisualStudio.Editor.csproj", "{FD634471-0F80-4BAA-93E8-72542E83FD02}"
EndProject
Project("{FAE04EC0-301F-11D3-BF4B-00C04F79EFBC}") = "Unity.TextMeshPro.Editor", "Unity.TextMeshPro.Editor.csproj", "{B621A240-BEE8-C3AE-AE4D-86D137F86CF6}"
EndProject
Project("{FAE04EC0-301F-11D3-BF4B-00C04F79EFBC}") = "Unity.Timeline.Editor", "Unity.Timeline.Editor.csproj", "{209B861E-1823-D021-406B-639C215F6A87}"
EndProject
Project("{FAE04EC0-301F-11D3-BF4B-00C04F79EFBC}") = "Unity.PlasticSCM.Editor", "Unity.PlasticSCM.Editor.csproj", "{F037DBD7-0C38-A7A4-BB7A-780091C0ABAB}"
EndProject
Project("{FAE04EC0-301F-11D3-BF4B-00C04F79EFBC}") = "UnityEditor.UI", "UnityEditor.UI.csproj", "{E609CF43-9001-9D35-81BC-47F5851CB65B}"
EndProject
Project("{FAE04EC0-301F-11D3-BF4B-00C04F79EFBC}") = "Unity.Rider.Editor", "Unity.Rider.Editor.csproj", "{1A72EF9A-7F42-1F63-EAFA-EFE34886AB2A}"
EndProject
Project("{FAE04EC0-301F-11D3-BF4B-00C04F79EFBC}") = "Unity.CollabProxy.Editor", "Unity.CollabProxy.Editor.csproj", "{F03CD581-CBE8-560F-8A94-5632022AD95F}"
EndProject
Project("{FAE04EC0-301F-11D3-BF4B-00C04F79EFBC}") = "Unity.VSCode.Editor", "Unity.VSCode.Editor.csproj", "{BD5FDE6B-AB03-258B-EFD0-505A1AAA8D4B}"
EndProject
Project("{FAE04EC0-301F-11D3-BF4B-00C04F79EFBC}") = "Assembly-CSharp-Editor", "Assembly-CSharp-Editor.csproj", "{2405CF27-C852-AA78-1171-D285A95A6B7B}"
EndProject
Project("{FAE04EC0-301F-11D3-BF4B-00C04F79EFBC}") = "UnityEngine.TestRunner", "UnityEngine.TestRunner.Player.csproj", "{D2758DD9-0087-1876-3FE8-AB4C2DD85FD4}"
EndProject
Project("{FAE04EC0-301F-11D3-BF4B-00C04F79EFBC}") = "UnityEngine.UI", "UnityEngine.UI.Player.csproj", "{3C4EE055-F689-F0F3-AD23-E4C932D74D29}"
EndProject
Project("{FAE04EC0-301F-11D3-BF4B-00C04F79EFBC}") = "Unity.TextMeshPro", "Unity.TextMeshPro.Player.csproj", "{F7010B7D-46AB-5F31-7794-E38B72CCFF22}"
EndProject
Project("{FAE04EC0-301F-11D3-BF4B-00C04F79EFBC}") = "Unity.Timeline", "Unity.Timeline.Player.csproj", "{8951D851-4D24-F62C-908D-4DC4DF061B1D}"
EndProject
Global
	GlobalSection(SolutionConfigurationPlatforms) = preSolution
		Debug|Any CPU = Debug|Any CPU
		Release|Any CPU = Release|Any CPU
	EndGlobalSection
	GlobalSection(ProjectConfigurationPlatforms) = postSolution
		{20B6EF0B-26A0-B84C-8437-786D2D7A09C3}.Debug|Any CPU.ActiveCfg = Debug|Any CPU
		{20B6EF0B-26A0-B84C-8437-786D2D7A09C3}.Debug|Any CPU.Build.0 = Debug|Any CPU
		{20B6EF0B-26A0-B84C-8437-786D2D7A09C3}.Release|Any CPU.ActiveCfg = Release|Any CPU
		{20B6EF0B-26A0-B84C-8437-786D2D7A09C3}.Release|Any CPU.Build.0 = Release|Any CPU
		{5A87AFC7-0591-D6BB-DABE-76CDAD3C748E}.Debug|Any CPU.ActiveCfg = Debug|Any CPU
		{5A87AFC7-0591-D6BB-DABE-76CDAD3C748E}.Debug|Any CPU.Build.0 = Debug|Any CPU
		{5A87AFC7-0591-D6BB-DABE-76CDAD3C748E}.Release|Any CPU.ActiveCfg = Release|Any CPU
		{5A87AFC7-0591-D6BB-DABE-76CDAD3C748E}.Release|Any CPU.Build.0 = Release|Any CPU
		{3A1E38C6-24A5-AB12-A606-10948D1936EB}.Debug|Any CPU.ActiveCfg = Debug|Any CPU
		{3A1E38C6-24A5-AB12-A606-10948D1936EB}.Debug|Any CPU.Build.0 = Debug|Any CPU
		{3A1E38C6-24A5-AB12-A606-10948D1936EB}.Release|Any CPU.ActiveCfg = Release|Any CPU
		{3A1E38C6-24A5-AB12-A606-10948D1936EB}.Release|Any CPU.Build.0 = Release|Any CPU
		{3A89A800-820D-A71F-A56B-43A843917061}.Debug|Any CPU.ActiveCfg = Debug|Any CPU
		{3A89A800-820D-A71F-A56B-43A843917061}.Debug|Any CPU.Build.0 = Debug|Any CPU
		{3A89A800-820D-A71F-A56B-43A843917061}.Release|Any CPU.ActiveCfg = Release|Any CPU
		{3A89A800-820D-A71F-A56B-43A843917061}.Release|Any CPU.Build.0 = Release|Any CPU
		{42228D4F-C8A3-F0EE-AE83-754EC3AC49A9}.Debug|Any CPU.ActiveCfg = Debug|Any CPU
		{42228D4F-C8A3-F0EE-AE83-754EC3AC49A9}.Debug|Any CPU.Build.0 = Debug|Any CPU
		{42228D4F-C8A3-F0EE-AE83-754EC3AC49A9}.Release|Any CPU.ActiveCfg = Release|Any CPU
		{42228D4F-C8A3-F0EE-AE83-754EC3AC49A9}.Release|Any CPU.Build.0 = Release|Any CPU
		{FD634471-0F80-4BAA-93E8-72542E83FD02}.Debug|Any CPU.ActiveCfg = Debug|Any CPU
		{FD634471-0F80-4BAA-93E8-72542E83FD02}.Debug|Any CPU.Build.0 = Debug|Any CPU
		{FD634471-0F80-4BAA-93E8-72542E83FD02}.Release|Any CPU.ActiveCfg = Release|Any CPU
		{FD634471-0F80-4BAA-93E8-72542E83FD02}.Release|Any CPU.Build.0 = Release|Any CPU
		{B621A240-BEE8-C3AE-AE4D-86D137F86CF6}.Debug|Any CPU.ActiveCfg = Debug|Any CPU
		{B621A240-BEE8-C3AE-AE4D-86D137F86CF6}.Debug|Any CPU.Build.0 = Debug|Any CPU
		{B621A240-BEE8-C3AE-AE4D-86D137F86CF6}.Release|Any CPU.ActiveCfg = Release|Any CPU
		{B621A240-BEE8-C3AE-AE4D-86D137F86CF6}.Release|Any CPU.Build.0 = Release|Any CPU
		{209B861E-1823-D021-406B-639C215F6A87}.Debug|Any CPU.ActiveCfg = Debug|Any CPU
		{209B861E-1823-D021-406B-639C215F6A87}.Debug|Any CPU.Build.0 = Debug|Any CPU
		{209B861E-1823-D021-406B-639C215F6A87}.Release|Any CPU.ActiveCfg = Release|Any CPU
		{209B861E-1823-D021-406B-639C215F6A87}.Release|Any CPU.Build.0 = Release|Any CPU
		{F037DBD7-0C38-A7A4-BB7A-780091C0ABAB}.Debug|Any CPU.ActiveCfg = Debug|Any CPU
		{F037DBD7-0C38-A7A4-BB7A-780091C0ABAB}.Debug|Any CPU.Build.0 = Debug|Any CPU
		{F037DBD7-0C38-A7A4-BB7A-780091C0ABAB}.Release|Any CPU.ActiveCfg = Release|Any CPU
		{F037DBD7-0C38-A7A4-BB7A-780091C0ABAB}.Release|Any CPU.Build.0 = Release|Any CPU
		{E609CF43-9001-9D35-81BC-47F5851CB65B}.Debug|Any CPU.ActiveCfg = Debug|Any CPU
		{E609CF43-9001-9D35-81BC-47F5851CB65B}.Debug|Any CPU.Build.0 = Debug|Any CPU
		{E609CF43-9001-9D35-81BC-47F5851CB65B}.Release|Any CPU.ActiveCfg = Release|Any CPU
		{E609CF43-9001-9D35-81BC-47F5851CB65B}.Release|Any CPU.Build.0 = Release|Any CPU
		{1A72EF9A-7F42-1F63-EAFA-EFE34886AB2A}.Debug|Any CPU.ActiveCfg = Debug|Any CPU
		{1A72EF9A-7F42-1F63-EAFA-EFE34886AB2A}.Debug|Any CPU.Build.0 = Debug|Any CPU
		{1A72EF9A-7F42-1F63-EAFA-EFE34886AB2A}.Release|Any CPU.ActiveCfg = Release|Any CPU
		{1A72EF9A-7F42-1F63-EAFA-EFE34886AB2A}.Release|Any CPU.Build.0 = Release|Any CPU
		{F03CD581-CBE8-560F-8A94-5632022AD95F}.Debug|Any CPU.ActiveCfg = Debug|Any CPU
		{F03CD581-CBE8-560F-8A94-5632022AD95F}.Debug|Any CPU.Build.0 = Debug|Any CPU
		{F03CD581-CBE8-560F-8A94-5632022AD95F}.Release|Any CPU.ActiveCfg = Release|Any CPU
		{F03CD581-CBE8-560F-8A94-5632022AD95F}.Release|Any CPU.Build.0 = Release|Any CPU
		{BD5FDE6B-AB03-258B-EFD0-505A1AAA8D4B}.Debug|Any CPU.ActiveCfg = Debug|Any CPU
		{BD5FDE6B-AB03-258B-EFD0-505A1AAA8D4B}.Debug|Any CPU.Build.0 = Debug|Any CPU
		{BD5FDE6B-AB03-258B-EFD0-505A1AAA8D4B}.Release|Any CPU.ActiveCfg = Release|Any CPU
		{BD5FDE6B-AB03-258B-EFD0-505A1AAA8D4B}.Release|Any CPU.Build.0 = Release|Any CPU
		{2405CF27-C852-AA78-1171-D285A95A6B7B}.Debug|Any CPU.ActiveCfg = Debug|Any CPU
		{2405CF27-C852-AA78-1171-D285A95A6B7B}.Debug|Any CPU.Build.0 = Debug|Any CPU
		{2405CF27-C852-AA78-1171-D285A95A6B7B}.Release|Any CPU.ActiveCfg = Release|Any CPU
		{2405CF27-C852-AA78-1171-D285A95A6B7B}.Release|Any CPU.Build.0 = Release|Any CPU
		{D2758DD9-0087-1876-3FE8-AB4C2DD85FD4}.Debug|Any CPU.ActiveCfg = Debug|Any CPU
		{D2758DD9-0087-1876-3FE8-AB4C2DD85FD4}.Debug|Any CPU.Build.0 = Debug|Any CPU
		{D2758DD9-0087-1876-3FE8-AB4C2DD85FD4}.Release|Any CPU.ActiveCfg = Release|Any CPU
		{D2758DD9-0087-1876-3FE8-AB4C2DD85FD4}.Release|Any CPU.Build.0 = Release|Any CPU
		{3C4EE055-F689-F0F3-AD23-E4C932D74D29}.Debug|Any CPU.ActiveCfg = Debug|Any CPU
		{3C4EE055-F689-F0F3-AD23-E4C932D74D29}.Debug|Any CPU.Build.0 = Debug|Any CPU
		{3C4EE055-F689-F0F3-AD23-E4C932D74D29}.Release|Any CPU.ActiveCfg = Release|Any CPU
		{3C4EE055-F689-F0F3-AD23-E4C932D74D29}.Release|Any CPU.Build.0 = Release|Any CPU
		{F7010B7D-46AB-5F31-7794-E38B72CCFF22}.Debug|Any CPU.ActiveCfg = Debug|Any CPU
		{F7010B7D-46AB-5F31-7794-E38B72CCFF22}.Debug|Any CPU.Build.0 = Debug|Any CPU
		{F7010B7D-46AB-5F31-7794-E38B72CCFF22}.Release|Any CPU.ActiveCfg = Release|Any CPU
		{F7010B7D-46AB-5F31-7794-E38B72CCFF22}.Release|Any CPU.Build.0 = Release|Any CPU
		{8951D851-4D24-F62C-908D-4DC4DF061B1D}.Debug|Any CPU.ActiveCfg = Debug|Any CPU
		{8951D851-4D24-F62C-908D-4DC4DF061B1D}.Debug|Any CPU.Build.0 = Debug|Any CPU
		{8951D851-4D24-F62C-908D-4DC4DF061B1D}.Release|Any CPU.ActiveCfg = Release|Any CPU
		{8951D851-4D24-F62C-908D-4DC4DF061B1D}.Release|Any CPU.Build.0 = Release|Any CPU
	EndGlobalSection
	GlobalSection(SolutionProperties) = preSolution
		HideSolutionNode = FALSE
	EndGlobalSection
EndGlobal
